
Microsoft Visual Studio Solution File, Format Version 12.00
# Visual Studio 15
Project("{FAE04EC0-301F-11D3-BF4B-00C04F79EFBC}") = "Assembly-CSharp", "Assembly-CSharp.csproj", "{0FB39E2C-4A84-859B-52AE-98374E7AEE6C}"
EndProject
Global
	GlobalSection(SolutionConfigurationPlatforms) = preSolution
		Debug|Any CPU = Debug|Any CPU
		Release|Any CPU = Release|Any CPU
	EndGlobalSection
	GlobalSection(ProjectConfigurationPlatforms) = postSolution
		{0FB39E2C-4A84-859B-52AE-98374E7AEE6C}.Debug|Any CPU.ActiveCfg = Debug|Any CPU
		{0FB39E2C-4A84-859B-52AE-98374E7AEE6C}.Debug|Any CPU.Build.0 = Debug|Any CPU
		{0FB39E2C-4A84-859B-52AE-98374E7AEE6C}.Release|Any CPU.ActiveCfg = Release|Any CPU
		{0FB39E2C-4A84-859B-52AE-98374E7AEE6C}.Release|Any CPU.Build.0 = Release|Any CPU
	EndGlobalSection
	GlobalSection(SolutionProperties) = preSolution
		HideSolutionNode = FALSE
	EndGlobalSection
EndGlobal
